
Microsoft Visual Studio Solution File, Format Version 12.00
# Visual Studio 14
VisualStudioVersion = 14.0.25123.0
MinimumVisualStudioVersion = 10.0.40219.1
Project("{FAE04EC0-301F-11D3-BF4B-00C04F79EFBC}") = "Ex04.Menus.Delegates", "Ex04.Menus.Delegates\Ex04.Menus.Delegates.csproj", "{E18E4BD5-6875-40AB-BCCC-CBE18FC9B2B9}"
EndProject
Project("{FAE04EC0-301F-11D3-BF4B-00C04F79EFBC}") = "Ex04.Menus.Test", "Ex04.Menus.Test\Ex04.Menus.Test.csproj", "{EB7AA364-F687-4C64-9968-B14704BAE177}"
EndProject
Project("{FAE04EC0-301F-11D3-BF4B-00C04F79EFBC}") = "Ex04.Menus.Interfaces", "Ex04.Menus.Interfaces\Ex04.Menus.Interfaces.csproj", "{138CA0B0-4AFA-4326-9258-89556BD11546}"
EndProject
Global
	GlobalSection(SolutionConfigurationPlatforms) = preSolution
		Debug|Any CPU = Debug|Any CPU
		Release|Any CPU = Release|Any CPU
	EndGlobalSection
	GlobalSection(ProjectConfigurationPlatforms) = postSolution
		{E18E4BD5-6875-40AB-BCCC-CBE18FC9B2B9}.Debug|Any CPU.ActiveCfg = Debug|Any CPU
		{E18E4BD5-6875-40AB-BCCC-CBE18FC9B2B9}.Debug|Any CPU.Build.0 = Debug|Any CPU
		{E18E4BD5-6875-40AB-BCCC-CBE18FC9B2B9}.Release|Any CPU.ActiveCfg = Release|Any CPU
		{E18E4BD5-6875-40AB-BCCC-CBE18FC9B2B9}.Release|Any CPU.Build.0 = Release|Any CPU
		{EB7AA364-F687-4C64-9968-B14704BAE177}.Debug|Any CPU.ActiveCfg = Debug|Any CPU
		{EB7AA364-F687-4C64-9968-B14704BAE177}.Debug|Any CPU.Build.0 = Debug|Any CPU
		{EB7AA364-F687-4C64-9968-B14704BAE177}.Release|Any CPU.ActiveCfg = Release|Any CPU
		{EB7AA364-F687-4C64-9968-B14704BAE177}.Release|Any CPU.Build.0 = Release|Any CPU
		{138CA0B0-4AFA-4326-9258-89556BD11546}.Debug|Any CPU.ActiveCfg = Debug|Any CPU
		{138CA0B0-4AFA-4326-9258-89556BD11546}.Debug|Any CPU.Build.0 = Debug|Any CPU
		{138CA0B0-4AFA-4326-9258-89556BD11546}.Release|Any CPU.ActiveCfg = Release|Any CPU
		{138CA0B0-4AFA-4326-9258-89556BD11546}.Release|Any CPU.Build.0 = Release|Any CPU
	EndGlobalSection
	GlobalSection(SolutionProperties) = preSolution
		HideSolutionNode = FALSE
	EndGlobalSection
EndGlobal
